
Microsoft Visual Studio Solution File, Format Version 12.00
# Visual Studio Version 17
VisualStudioVersion = 17.0.32112.339
MinimumVisualStudioVersion = 10.0.40219.1
Project("{2150E333-8FDC-42A3-9474-1A3956D46DE8}") = "Solution Items", "Solution Items", "{5A8FAD3F-F131-4BFB-AD37-A69F8D3D66ED}"
	ProjectSection(SolutionItems) = preProject
		README.md = README.md
		Wishlist.txt = Wishlist.txt
	EndProjectSection
EndProject
Global
	GlobalSection(SolutionProperties) = preSolution
		HideSolutionNode = FALSE
	EndGlobalSection
	GlobalSection(ExtensibilityGlobals) = postSolution
		SolutionGuid = {979B5535-F66F-4803-A798-AB297DCB27BC}
	EndGlobalSection
EndGlobal
